// !$*UTF8*$!
{
	archiveVersion = 1;
	classes = {
	};
	objectVersion = 50;
	objects = {

/* Begin PBXBuildFile section */
		3C5EDFF1892367DAFE5ABD3F /* libPods-LoadTracker.a in Frameworks */ = {isa = PBXBuildFile; fileRef = 75620BA316F83C83C82EEF24 /* libPods-LoadTracker.a */; };
		B31209E425168696003FBCD6 /* Onboarding.swift in Sources */ = {isa = PBXBuildFile; fileRef = B31209E325168696003FBCD6 /* Onboarding.swift */; };
		B31209E82516885D003FBCD6 /* ViewModel.swift in Sources */ = {isa = PBXBuildFile; fileRef = B31209E72516885D003FBCD6 /* ViewModel.swift */; };
		B31209EC25168891003FBCD6 /* ViewController.swift in Sources */ = {isa = PBXBuildFile; fileRef = B31209EB25168891003FBCD6 /* ViewController.swift */; };
		B31209F0251689F3003FBCD6 /* OnBoardingViewModel.swift in Sources */ = {isa = PBXBuildFile; fileRef = B31209EF251689F3003FBCD6 /* OnBoardingViewModel.swift */; };
		B3732BAF251B8E6E00533E44 /* FoodApi.swift in Sources */ = {isa = PBXBuildFile; fileRef = B3732BAE251B8E6E00533E44 /* FoodApi.swift */; };
		B3732BB2251BA98000533E44 /* FoodModel.swift in Sources */ = {isa = PBXBuildFile; fileRef = B3732BB1251BA98000533E44 /* FoodModel.swift */; };
		B3732BB8251C77DB00533E44 /* BarChartView.swift in Sources */ = {isa = PBXBuildFile; fileRef = B3732BB7251C77DB00533E44 /* BarChartView.swift */; };
		B37BDEEE2516408600AC780E /* AppDelegate.swift in Sources */ = {isa = PBXBuildFile; fileRef = B37BDEED2516408600AC780E /* AppDelegate.swift */; };
		B37BDEF02516408600AC780E /* SceneDelegate.swift in Sources */ = {isa = PBXBuildFile; fileRef = B37BDEEF2516408600AC780E /* SceneDelegate.swift */; };
		B37BDEF42516408700AC780E /* Icons.xcassets in Resources */ = {isa = PBXBuildFile; fileRef = B37BDEF32516408700AC780E /* Icons.xcassets */; };
		B37BDEF72516408700AC780E /* Preview Assets.xcassets in Resources */ = {isa = PBXBuildFile; fileRef = B37BDEF62516408700AC780E /* Preview Assets.xcassets */; };
		B37BDEFA2516408700AC780E /* LaunchScreen.storyboard in Resources */ = {isa = PBXBuildFile; fileRef = B37BDEF82516408700AC780E /* LaunchScreen.storyboard */; };
		B37BDF292516487E00AC780E /* Assets.swift in Sources */ = {isa = PBXBuildFile; fileRef = B37BDF282516487E00AC780E /* Assets.swift */; };
		B3ADD87A251B8BF800A4A71B /* CaloriesPlanViewModel.swift in Sources */ = {isa = PBXBuildFile; fileRef = B3ADD879251B8BF800A4A71B /* CaloriesPlanViewModel.swift */; };
		B3FD82AD25176970002750F5 /* MainTabBarView.swift in Sources */ = {isa = PBXBuildFile; fileRef = B3FD82AC25176970002750F5 /* MainTabBarView.swift */; };
		B3FD82B425176B66002750F5 /* WorkoutPlan.swift in Sources */ = {isa = PBXBuildFile; fileRef = B3FD82B325176B66002750F5 /* WorkoutPlan.swift */; };
		B3FD82B825176B7D002750F5 /* CaloriesPlan.swift in Sources */ = {isa = PBXBuildFile; fileRef = B3FD82B725176B7D002750F5 /* CaloriesPlan.swift */; };
		B3FD82BB25176BBB002750F5 /* DietPlan.swift in Sources */ = {isa = PBXBuildFile; fileRef = B3FD82BA25176BBB002750F5 /* DietPlan.swift */; };
		B3FD82D22519ED62002750F5 /* LoaderTabBarShape.swift in Sources */ = {isa = PBXBuildFile; fileRef = B3FD82D12519ED62002750F5 /* LoaderTabBarShape.swift */; };
		B3FD82D62519F067002750F5 /* LoaderTabBarItemView.swift in Sources */ = {isa = PBXBuildFile; fileRef = B3FD82D52519F067002750F5 /* LoaderTabBarItemView.swift */; };
		B3FD82E32519FD3D002750F5 /* LoaderTabBarItem.swift in Sources */ = {isa = PBXBuildFile; fileRef = B3FD82E22519FD3D002750F5 /* LoaderTabBarItem.swift */; };
		B3FD82E6251A0362002750F5 /* LoaderTabBar.swift in Sources */ = {isa = PBXBuildFile; fileRef = B3FD82E5251A0362002750F5 /* LoaderTabBar.swift */; };
		B3FD82EF251A3403002750F5 /* Colors.xcassets in Resources */ = {isa = PBXBuildFile; fileRef = B3FD82EE251A3402002750F5 /* Colors.xcassets */; };
/* End PBXBuildFile section */

/* Begin PBXFileReference section */
		75620BA316F83C83C82EEF24 /* libPods-LoadTracker.a */ = {isa = PBXFileReference; explicitFileType = archive.ar; includeInIndex = 0; path = "libPods-LoadTracker.a"; sourceTree = BUILT_PRODUCTS_DIR; };
		A9370B632D62E9378DA2D58A /* Pods-LoadTracker.release.xcconfig */ = {isa = PBXFileReference; includeInIndex = 1; lastKnownFileType = text.xcconfig; name = "Pods-LoadTracker.release.xcconfig"; path = "Target Support Files/Pods-LoadTracker/Pods-LoadTracker.release.xcconfig"; sourceTree = "<group>"; };
		B31209E325168696003FBCD6 /* Onboarding.swift */ = {isa = PBXFileReference; lastKnownFileType = sourcecode.swift; path = Onboarding.swift; sourceTree = "<group>"; };
		B31209E72516885D003FBCD6 /* ViewModel.swift */ = {isa = PBXFileReference; lastKnownFileType = sourcecode.swift; path = ViewModel.swift; sourceTree = "<group>"; };
		B31209EB25168891003FBCD6 /* ViewController.swift */ = {isa = PBXFileReference; lastKnownFileType = sourcecode.swift; path = ViewController.swift; sourceTree = "<group>"; };
		B31209EF251689F3003FBCD6 /* OnBoardingViewModel.swift */ = {isa = PBXFileReference; lastKnownFileType = sourcecode.swift; path = OnBoardingViewModel.swift; sourceTree = "<group>"; };
		B3732BAE251B8E6E00533E44 /* FoodApi.swift */ = {isa = PBXFileReference; lastKnownFileType = sourcecode.swift; path = FoodApi.swift; sourceTree = "<group>"; };
		B3732BB1251BA98000533E44 /* FoodModel.swift */ = {isa = PBXFileReference; lastKnownFileType = sourcecode.swift; path = FoodModel.swift; sourceTree = "<group>"; };
		B3732BB7251C77DB00533E44 /* BarChartView.swift */ = {isa = PBXFileReference; lastKnownFileType = sourcecode.swift; path = BarChartView.swift; sourceTree = "<group>"; };
		B37BDEEA2516408600AC780E /* LoadTracker.app */ = {isa = PBXFileReference; explicitFileType = wrapper.application; includeInIndex = 0; path = LoadTracker.app; sourceTree = BUILT_PRODUCTS_DIR; };
		B37BDEED2516408600AC780E /* AppDelegate.swift */ = {isa = PBXFileReference; lastKnownFileType = sourcecode.swift; path = AppDelegate.swift; sourceTree = "<group>"; };
		B37BDEEF2516408600AC780E /* SceneDelegate.swift */ = {isa = PBXFileReference; lastKnownFileType = sourcecode.swift; path = SceneDelegate.swift; sourceTree = "<group>"; };
		B37BDEF32516408700AC780E /* Icons.xcassets */ = {isa = PBXFileReference; lastKnownFileType = folder.assetcatalog; path = Icons.xcassets; sourceTree = "<group>"; };
		B37BDEF62516408700AC780E /* Preview Assets.xcassets */ = {isa = PBXFileReference; lastKnownFileType = folder.assetcatalog; path = "Preview Assets.xcassets"; sourceTree = "<group>"; };
		B37BDEF92516408700AC780E /* Base */ = {isa = PBXFileReference; lastKnownFileType = file.storyboard; name = Base; path = Base.lproj/LaunchScreen.storyboard; sourceTree = "<group>"; };
		B37BDEFB2516408700AC780E /* Info.plist */ = {isa = PBXFileReference; lastKnownFileType = text.plist.xml; path = Info.plist; sourceTree = "<group>"; };
		B37BDF282516487E00AC780E /* Assets.swift */ = {isa = PBXFileReference; fileEncoding = 4; lastKnownFileType = sourcecode.swift; path = Assets.swift; sourceTree = "<group>"; };
		B3ADD879251B8BF800A4A71B /* CaloriesPlanViewModel.swift */ = {isa = PBXFileReference; lastKnownFileType = sourcecode.swift; path = CaloriesPlanViewModel.swift; sourceTree = "<group>"; };
		B3FD82AC25176970002750F5 /* MainTabBarView.swift */ = {isa = PBXFileReference; lastKnownFileType = sourcecode.swift; path = MainTabBarView.swift; sourceTree = "<group>"; };
		B3FD82B325176B66002750F5 /* WorkoutPlan.swift */ = {isa = PBXFileReference; lastKnownFileType = sourcecode.swift; path = WorkoutPlan.swift; sourceTree = "<group>"; };
		B3FD82B725176B7D002750F5 /* CaloriesPlan.swift */ = {isa = PBXFileReference; lastKnownFileType = sourcecode.swift; path = CaloriesPlan.swift; sourceTree = "<group>"; };
		B3FD82BA25176BBB002750F5 /* DietPlan.swift */ = {isa = PBXFileReference; lastKnownFileType = sourcecode.swift; path = DietPlan.swift; sourceTree = "<group>"; };
		B3FD82D12519ED62002750F5 /* LoaderTabBarShape.swift */ = {isa = PBXFileReference; lastKnownFileType = sourcecode.swift; path = LoaderTabBarShape.swift; sourceTree = "<group>"; };
		B3FD82D52519F067002750F5 /* LoaderTabBarItemView.swift */ = {isa = PBXFileReference; lastKnownFileType = sourcecode.swift; path = LoaderTabBarItemView.swift; sourceTree = "<group>"; };
		B3FD82E22519FD3D002750F5 /* LoaderTabBarItem.swift */ = {isa = PBXFileReference; lastKnownFileType = sourcecode.swift; path = LoaderTabBarItem.swift; sourceTree = "<group>"; };
		B3FD82E5251A0362002750F5 /* LoaderTabBar.swift */ = {isa = PBXFileReference; lastKnownFileType = sourcecode.swift; path = LoaderTabBar.swift; sourceTree = "<group>"; };
		B3FD82EE251A3402002750F5 /* Colors.xcassets */ = {isa = PBXFileReference; lastKnownFileType = folder.assetcatalog; path = Colors.xcassets; sourceTree = "<group>"; };
		D66F5EB71A49453E92A6C30D /* Pods-LoadTracker.debug.xcconfig */ = {isa = PBXFileReference; includeInIndex = 1; lastKnownFileType = text.xcconfig; name = "Pods-LoadTracker.debug.xcconfig"; path = "Target Support Files/Pods-LoadTracker/Pods-LoadTracker.debug.xcconfig"; sourceTree = "<group>"; };
/* End PBXFileReference section */

/* Begin PBXFrameworksBuildPhase section */
		B37BDEE72516408600AC780E /* Frameworks */ = {
			isa = PBXFrameworksBuildPhase;
			buildActionMask = 2147483647;
			files = (
				3C5EDFF1892367DAFE5ABD3F /* libPods-LoadTracker.a in Frameworks */,
			);
			runOnlyForDeploymentPostprocessing = 0;
		};
/* End PBXFrameworksBuildPhase section */

/* Begin PBXGroup section */
		24BBA8B497F38ED31A524BA3 /* Pods */ = {
			isa = PBXGroup;
			children = (
				D66F5EB71A49453E92A6C30D /* Pods-LoadTracker.debug.xcconfig */,
				A9370B632D62E9378DA2D58A /* Pods-LoadTracker.release.xcconfig */,
			);
			path = Pods;
			sourceTree = "<group>";
		};
		3B408E2890568C60C5AE4305 /* Frameworks */ = {
			isa = PBXGroup;
			children = (
				75620BA316F83C83C82EEF24 /* libPods-LoadTracker.a */,
			);
			name = Frameworks;
			sourceTree = "<group>";
		};
		B31209E225168682003FBCD6 /* Views */ = {
			isa = PBXGroup;
			children = (
				B31209EE251689D5003FBCD6 /* OnBoarding */,
				B3FD82AB25176956002750F5 /* MainTabBar */,
				B3FD82B225176B39002750F5 /* WorkoutPlan */,
				B3FD82B125176B2F002750F5 /* CaloriesPlan */,
				B3FD82B025176A8B002750F5 /* DietPlan */,
			);
			path = Views;
			sourceTree = "<group>";
		};
		B31209E625168848003FBCD6 /* Protocols */ = {
			isa = PBXGroup;
			children = (
				B31209E72516885D003FBCD6 /* ViewModel.swift */,
				B31209EB25168891003FBCD6 /* ViewController.swift */,
			);
			path = Protocols;
			sourceTree = "<group>";
		};
		B31209EE251689D5003FBCD6 /* OnBoarding */ = {
			isa = PBXGroup;
			children = (
				B31209E325168696003FBCD6 /* Onboarding.swift */,
				B31209EF251689F3003FBCD6 /* OnBoardingViewModel.swift */,
			);
			path = OnBoarding;
			sourceTree = "<group>";
		};
		B3732BB6251C77BC00533E44 /* BarChart */ = {
			isa = PBXGroup;
			children = (
				B3732BB7251C77DB00533E44 /* BarChartView.swift */,
			);
			path = BarChart;
			sourceTree = "<group>";
		};
		B37BDEE12516408600AC780E = {
			isa = PBXGroup;
			children = (
				B37BDEEC2516408600AC780E /* LoadTracker */,
				B37BDEEB2516408600AC780E /* Products */,
				24BBA8B497F38ED31A524BA3 /* Pods */,
				3B408E2890568C60C5AE4305 /* Frameworks */,
			);
			sourceTree = "<group>";
		};
		B37BDEEB2516408600AC780E /* Products */ = {
			isa = PBXGroup;
			children = (
				B37BDEEA2516408600AC780E /* LoadTracker.app */,
			);
			name = Products;
			sourceTree = "<group>";
		};
		B37BDEEC2516408600AC780E /* LoadTracker */ = {
			isa = PBXGroup;
			children = (
				B3ADD87C251B8C1900A4A71B /* APIs */,
				B31209E625168848003FBCD6 /* Protocols */,
				B31209E225168682003FBCD6 /* Views */,
				B37BDF272516487E00AC780E /* Generated */,
				B37BDF252516461200AC780E /* Resources */,
				B37BDEED2516408600AC780E /* AppDelegate.swift */,
				B37BDEEF2516408600AC780E /* SceneDelegate.swift */,
				B37BDEF82516408700AC780E /* LaunchScreen.storyboard */,
				B37BDEFB2516408700AC780E /* Info.plist */,
				B37BDEF52516408700AC780E /* Preview Content */,
			);
			path = LoadTracker;
			sourceTree = "<group>";
		};
		B37BDEF52516408700AC780E /* Preview Content */ = {
			isa = PBXGroup;
			children = (
				B37BDEF62516408700AC780E /* Preview Assets.xcassets */,
			);
			path = "Preview Content";
			sourceTree = "<group>";
		};
		B37BDF252516461200AC780E /* Resources */ = {
			isa = PBXGroup;
			children = (
				B37BDEF32516408700AC780E /* Icons.xcassets */,
				B3FD82EE251A3402002750F5 /* Colors.xcassets */,
			);
			path = Resources;
			sourceTree = "<group>";
		};
		B37BDF272516487E00AC780E /* Generated */ = {
			isa = PBXGroup;
			children = (
				B37BDF282516487E00AC780E /* Assets.swift */,
			);
			path = Generated;
			sourceTree = "<group>";
		};
		B3ADD87C251B8C1900A4A71B /* APIs */ = {
			isa = PBXGroup;
			children = (
				B3732BAE251B8E6E00533E44 /* FoodApi.swift */,
			);
			path = APIs;
			sourceTree = "<group>";
		};
		B3FD82AB25176956002750F5 /* MainTabBar */ = {
			isa = PBXGroup;
			children = (
				B3FD82AC25176970002750F5 /* MainTabBarView.swift */,
				B3FD82D02519ED3F002750F5 /* Helpers */,
			);
			path = MainTabBar;
			sourceTree = "<group>";
		};
		B3FD82B025176A8B002750F5 /* DietPlan */ = {
			isa = PBXGroup;
			children = (
				B3FD82BA25176BBB002750F5 /* DietPlan.swift */,
			);
			path = DietPlan;
			sourceTree = "<group>";
		};
		B3FD82B125176B2F002750F5 /* CaloriesPlan */ = {
			isa = PBXGroup;
			children = (
				B3732BB6251C77BC00533E44 /* BarChart */,
				B3FD82B725176B7D002750F5 /* CaloriesPlan.swift */,
				B3ADD879251B8BF800A4A71B /* CaloriesPlanViewModel.swift */,
				B3732BB1251BA98000533E44 /* FoodModel.swift */,
			);
			path = CaloriesPlan;
			sourceTree = "<group>";
		};
		B3FD82B225176B39002750F5 /* WorkoutPlan */ = {
			isa = PBXGroup;
			children = (
				B3FD82B325176B66002750F5 /* WorkoutPlan.swift */,
			);
			path = WorkoutPlan;
			sourceTree = "<group>";
		};
		B3FD82D02519ED3F002750F5 /* Helpers */ = {
			isa = PBXGroup;
			children = (
				B3FD82D12519ED62002750F5 /* LoaderTabBarShape.swift */,
				B3FD82D52519F067002750F5 /* LoaderTabBarItemView.swift */,
				B3FD82E22519FD3D002750F5 /* LoaderTabBarItem.swift */,
				B3FD82E5251A0362002750F5 /* LoaderTabBar.swift */,
			);
			path = Helpers;
			sourceTree = "<group>";
		};
/* End PBXGroup section */

/* Begin PBXNativeTarget section */
		B37BDEE92516408600AC780E /* LoadTracker */ = {
			isa = PBXNativeTarget;
			buildConfigurationList = B37BDF142516408700AC780E /* Build configuration list for PBXNativeTarget "LoadTracker" */;
			buildPhases = (
				79D87CC752E1B730134EE71F /* [CP] Check Pods Manifest.lock */,
				B37BDEE62516408600AC780E /* Sources */,
				B37BDEE72516408600AC780E /* Frameworks */,
				B37BDEE82516408600AC780E /* Resources */,
			);
			buildRules = (
			);
			dependencies = (
			);
			name = LoadTracker;
			productName = LoadTracker;
			productReference = B37BDEEA2516408600AC780E /* LoadTracker.app */;
			productType = "com.apple.product-type.application";
		};
/* End PBXNativeTarget section */

/* Begin PBXProject section */
		B37BDEE22516408600AC780E /* Project object */ = {
			isa = PBXProject;
			attributes = {
				LastSwiftUpdateCheck = 1200;
				LastUpgradeCheck = 1200;
				TargetAttributes = {
					B37BDEE92516408600AC780E = {
						CreatedOnToolsVersion = 12.0;
					};
				};
			};
			buildConfigurationList = B37BDEE52516408600AC780E /* Build configuration list for PBXProject "LoadTracker" */;
			compatibilityVersion = "Xcode 9.3";
			developmentRegion = en;
			hasScannedForEncodings = 0;
			knownRegions = (
				en,
				Base,
			);
			mainGroup = B37BDEE12516408600AC780E;
			productRefGroup = B37BDEEB2516408600AC780E /* Products */;
			projectDirPath = "";
			projectRoot = "";
			targets = (
				B37BDEE92516408600AC780E /* LoadTracker */,
			);
		};
/* End PBXProject section */

/* Begin PBXResourcesBuildPhase section */
		B37BDEE82516408600AC780E /* Resources */ = {
			isa = PBXResourcesBuildPhase;
			buildActionMask = 2147483647;
			files = (
				B37BDEFA2516408700AC780E /* LaunchScreen.storyboard in Resources */,
				B3FD82EF251A3403002750F5 /* Colors.xcassets in Resources */,
				B37BDEF72516408700AC780E /* Preview Assets.xcassets in Resources */,
				B37BDEF42516408700AC780E /* Icons.xcassets in Resources */,
			);
			runOnlyForDeploymentPostprocessing = 0;
		};
/* End PBXResourcesBuildPhase section */

/* Begin PBXShellScriptBuildPhase section */
		79D87CC752E1B730134EE71F /* [CP] Check Pods Manifest.lock */ = {
			isa = PBXShellScriptBuildPhase;
			buildActionMask = 2147483647;
			files = (
			);
			inputFileListPaths = (
			);
			inputPaths = (
				"${PODS_PODFILE_DIR_PATH}/Podfile.lock",
				"${PODS_ROOT}/Manifest.lock",
			);
			name = "[CP] Check Pods Manifest.lock";
			outputFileListPaths = (
			);
			outputPaths = (
				"$(DERIVED_FILE_DIR)/Pods-LoadTracker-checkManifestLockResult.txt",
			);
			runOnlyForDeploymentPostprocessing = 0;
			shellPath = /bin/sh;
			shellScript = "diff \"${PODS_PODFILE_DIR_PATH}/Podfile.lock\" \"${PODS_ROOT}/Manifest.lock\" > /dev/null\nif [ $? != 0 ] ; then\n    # print error to STDERR\n    echo \"error: The sandbox is not in sync with the Podfile.lock. Run 'pod install' or update your CocoaPods installation.\" >&2\n    exit 1\nfi\n# This output is used by Xcode 'outputs' to avoid re-running this script phase.\necho \"SUCCESS\" > \"${SCRIPT_OUTPUT_FILE_0}\"\n";
			showEnvVarsInLog = 0;
		};
/* End PBXShellScriptBuildPhase section */

/* Begin PBXSourcesBuildPhase section */
		B37BDEE62516408600AC780E /* Sources */ = {
			isa = PBXSourcesBuildPhase;
			buildActionMask = 2147483647;
			files = (
				B3FD82AD25176970002750F5 /* MainTabBarView.swift in Sources */,
				B3732BB8251C77DB00533E44 /* BarChartView.swift in Sources */,
				B3FD82E6251A0362002750F5 /* LoaderTabBar.swift in Sources */,
				B37BDEEE2516408600AC780E /* AppDelegate.swift in Sources */,
				B37BDEF02516408600AC780E /* SceneDelegate.swift in Sources */,
				B3FD82B825176B7D002750F5 /* CaloriesPlan.swift in Sources */,
				B3732BAF251B8E6E00533E44 /* FoodApi.swift in Sources */,
				B31209E425168696003FBCD6 /* Onboarding.swift in Sources */,
				B31209F0251689F3003FBCD6 /* OnBoardingViewModel.swift in Sources */,
				B37BDF292516487E00AC780E /* Assets.swift in Sources */,
				B3FD82B425176B66002750F5 /* WorkoutPlan.swift in Sources */,
				B31209EC25168891003FBCD6 /* ViewController.swift in Sources */,
				B31209E82516885D003FBCD6 /* ViewModel.swift in Sources */,
				B3FD82BB25176BBB002750F5 /* DietPlan.swift in Sources */,
				B3FD82E32519FD3D002750F5 /* LoaderTabBarItem.swift in Sources */,
				B3FD82D22519ED62002750F5 /* LoaderTabBarShape.swift in Sources */,
				B3732BB2251BA98000533E44 /* FoodModel.swift in Sources */,
				B3FD82D62519F067002750F5 /* LoaderTabBarItemView.swift in Sources */,
				B3ADD87A251B8BF800A4A71B /* CaloriesPlanViewModel.swift in Sources */,
			);
			runOnlyForDeploymentPostprocessing = 0;
		};
/* End PBXSourcesBuildPhase section */

/* Begin PBXVariantGroup section */
		B37BDEF82516408700AC780E /* LaunchScreen.storyboard */ = {
			isa = PBXVariantGroup;
			children = (
				B37BDEF92516408700AC780E /* Base */,
			);
			name = LaunchScreen.storyboard;
			sourceTree = "<group>";
		};
/* End PBXVariantGroup section */

/* Begin XCBuildConfiguration section */
		B37BDF122516408700AC780E /* Debug */ = {
			isa = XCBuildConfiguration;
			buildSettings = {
				ALWAYS_SEARCH_USER_PATHS = NO;
				CLANG_ANALYZER_NONNULL = YES;
				CLANG_ANALYZER_NUMBER_OBJECT_CONVERSION = YES_AGGRESSIVE;
				CLANG_CXX_LANGUAGE_STANDARD = "gnu++14";
				CLANG_CXX_LIBRARY = "libc++";
				CLANG_ENABLE_MODULES = YES;
				CLANG_ENABLE_OBJC_ARC = YES;
				CLANG_ENABLE_OBJC_WEAK = YES;
				CLANG_WARN_BLOCK_CAPTURE_AUTORELEASING = YES;
				CLANG_WARN_BOOL_CONVERSION = YES;
				CLANG_WARN_COMMA = YES;
				CLANG_WARN_CONSTANT_CONVERSION = YES;
				CLANG_WARN_DEPRECATED_OBJC_IMPLEMENTATIONS = YES;
				CLANG_WARN_DIRECT_OBJC_ISA_USAGE = YES_ERROR;
				CLANG_WARN_DOCUMENTATION_COMMENTS = YES;
				CLANG_WARN_EMPTY_BODY = YES;
				CLANG_WARN_ENUM_CONVERSION = YES;
				CLANG_WARN_INFINITE_RECURSION = YES;
				CLANG_WARN_INT_CONVERSION = YES;
				CLANG_WARN_NON_LITERAL_NULL_CONVERSION = YES;
				CLANG_WARN_OBJC_IMPLICIT_RETAIN_SELF = YES;
				CLANG_WARN_OBJC_LITERAL_CONVERSION = YES;
				CLANG_WARN_OBJC_ROOT_CLASS = YES_ERROR;
				CLANG_WARN_QUOTED_INCLUDE_IN_FRAMEWORK_HEADER = YES;
				CLANG_WARN_RANGE_LOOP_ANALYSIS = YES;
				CLANG_WARN_STRICT_PROTOTYPES = YES;
				CLANG_WARN_SUSPICIOUS_MOVE = YES;
				CLANG_WARN_UNGUARDED_AVAILABILITY = YES_AGGRESSIVE;
				CLANG_WARN_UNREACHABLE_CODE = YES;
				CLANG_WARN__DUPLICATE_METHOD_MATCH = YES;
				COPY_PHASE_STRIP = NO;
				DEBUG_INFORMATION_FORMAT = dwarf;
				ENABLE_STRICT_OBJC_MSGSEND = YES;
				ENABLE_TESTABILITY = YES;
				GCC_C_LANGUAGE_STANDARD = gnu11;
				GCC_DYNAMIC_NO_PIC = NO;
				GCC_NO_COMMON_BLOCKS = YES;
				GCC_OPTIMIZATION_LEVEL = 0;
				GCC_PREPROCESSOR_DEFINITIONS = (
					"DEBUG=1",
					"$(inherited)",
				);
				GCC_WARN_64_TO_32_BIT_CONVERSION = YES;
				GCC_WARN_ABOUT_RETURN_TYPE = YES_ERROR;
				GCC_WARN_UNDECLARED_SELECTOR = YES;
				GCC_WARN_UNINITIALIZED_AUTOS = YES_AGGRESSIVE;
				GCC_WARN_UNUSED_FUNCTION = YES;
				GCC_WARN_UNUSED_VARIABLE = YES;
				IPHONEOS_DEPLOYMENT_TARGET = 13.0;
				MTL_ENABLE_DEBUG_INFO = INCLUDE_SOURCE;
				MTL_FAST_MATH = YES;
				ONLY_ACTIVE_ARCH = YES;
				SDKROOT = iphoneos;
				SWIFT_ACTIVE_COMPILATION_CONDITIONS = DEBUG;
				SWIFT_OPTIMIZATION_LEVEL = "-Onone";
			};
			name = Debug;
		};
		B37BDF132516408700AC780E /* Release */ = {
			isa = XCBuildConfiguration;
			buildSettings = {
				ALWAYS_SEARCH_USER_PATHS = NO;
				CLANG_ANALYZER_NONNULL = YES;
				CLANG_ANALYZER_NUMBER_OBJECT_CONVERSION = YES_AGGRESSIVE;
				CLANG_CXX_LANGUAGE_STANDARD = "gnu++14";
				CLANG_CXX_LIBRARY = "libc++";
				CLANG_ENABLE_MODULES = YES;
				CLANG_ENABLE_OBJC_ARC = YES;
				CLANG_ENABLE_OBJC_WEAK = YES;
				CLANG_WARN_BLOCK_CAPTURE_AUTORELEASING = YES;
				CLANG_WARN_BOOL_CONVERSION = YES;
				CLANG_WARN_COMMA = YES;
				CLANG_WARN_CONSTANT_CONVERSION = YES;
				CLANG_WARN_DEPRECATED_OBJC_IMPLEMENTATIONS = YES;
				CLANG_WARN_DIRECT_OBJC_ISA_USAGE = YES_ERROR;
				CLANG_WARN_DOCUMENTATION_COMMENTS = YES;
				CLANG_WARN_EMPTY_BODY = YES;
				CLANG_WARN_ENUM_CONVERSION = YES;
				CLANG_WARN_INFINITE_RECURSION = YES;
				CLANG_WARN_INT_CONVERSION = YES;
				CLANG_WARN_NON_LITERAL_NULL_CONVERSION = YES;
				CLANG_WARN_OBJC_IMPLICIT_RETAIN_SELF = YES;
				CLANG_WARN_OBJC_LITERAL_CONVERSION = YES;
				CLANG_WARN_OBJC_ROOT_CLASS = YES_ERROR;
				CLANG_WARN_QUOTED_INCLUDE_IN_FRAMEWORK_HEADER = YES;
				CLANG_WARN_RANGE_LOOP_ANALYSIS = YES;
				CLANG_WARN_STRICT_PROTOTYPES = YES;
				CLANG_WARN_SUSPICIOUS_MOVE = YES;
				CLANG_WARN_UNGUARDED_AVAILABILITY = YES_AGGRESSIVE;
				CLANG_WARN_UNREACHABLE_CODE = YES;
				CLANG_WARN__DUPLICATE_METHOD_MATCH = YES;
				COPY_PHASE_STRIP = NO;
				DEBUG_INFORMATION_FORMAT = "dwarf-with-dsym";
				ENABLE_NS_ASSERTIONS = NO;
				ENABLE_STRICT_OBJC_MSGSEND = YES;
				GCC_C_LANGUAGE_STANDARD = gnu11;
				GCC_NO_COMMON_BLOCKS = YES;
				GCC_WARN_64_TO_32_BIT_CONVERSION = YES;
				GCC_WARN_ABOUT_RETURN_TYPE = YES_ERROR;
				GCC_WARN_UNDECLARED_SELECTOR = YES;
				GCC_WARN_UNINITIALIZED_AUTOS = YES_AGGRESSIVE;
				GCC_WARN_UNUSED_FUNCTION = YES;
				GCC_WARN_UNUSED_VARIABLE = YES;
				IPHONEOS_DEPLOYMENT_TARGET = 13.0;
				MTL_ENABLE_DEBUG_INFO = NO;
				MTL_FAST_MATH = YES;
				SDKROOT = iphoneos;
				SWIFT_COMPILATION_MODE = wholemodule;
				SWIFT_OPTIMIZATION_LEVEL = "-O";
				VALIDATE_PRODUCT = YES;
			};
			name = Release;
		};
		B37BDF152516408700AC780E /* Debug */ = {
			isa = XCBuildConfiguration;
			baseConfigurationReference = D66F5EB71A49453E92A6C30D /* Pods-LoadTracker.debug.xcconfig */;
			buildSettings = {
				ASSETCATALOG_COMPILER_APPICON_NAME = AppIcon;
				ASSETCATALOG_COMPILER_GLOBAL_ACCENT_COLOR_NAME = AccentColor;
				CODE_SIGN_STYLE = Automatic;
				DEVELOPMENT_ASSET_PATHS = "\"LoadTracker/Preview Content\"";
				DEVELOPMENT_TEAM = ZJZYDWBNWH;
				ENABLE_PREVIEWS = YES;
				INFOPLIST_FILE = LoadTracker/Info.plist;
				IPHONEOS_DEPLOYMENT_TARGET = 14.0;
				LD_RUNPATH_SEARCH_PATHS = (
					"$(inherited)",
					"@executable_path/Frameworks",
				);
				PRODUCT_BUNDLE_IDENTIFIER = "com.ta-boo.LoadTracker";
				PRODUCT_NAME = "$(TARGET_NAME)";
				SWIFT_VERSION = 5.0;
				TARGETED_DEVICE_FAMILY = "1,2";
			};
			name = Debug;
		};
		B37BDF162516408700AC780E /* Release */ = {
			isa = XCBuildConfiguration;
			baseConfigurationReference = A9370B632D62E9378DA2D58A /* Pods-LoadTracker.release.xcconfig */;
			buildSettings = {
				ASSETCATALOG_COMPILER_APPICON_NAME = AppIcon;
				ASSETCATALOG_COMPILER_GLOBAL_ACCENT_COLOR_NAME = AccentColor;
				CODE_SIGN_STYLE = Automatic;
				DEVELOPMENT_ASSET_PATHS = "\"LoadTracker/Preview Content\"";
				DEVELOPMENT_TEAM = ZJZYDWBNWH;
				ENABLE_PREVIEWS = YES;
				INFOPLIST_FILE = LoadTracker/Info.plist;
				IPHONEOS_DEPLOYMENT_TARGET = 14.0;
				LD_RUNPATH_SEARCH_PATHS = (
					"$(inherited)",
					"@executable_path/Frameworks",
				);
				PRODUCT_BUNDLE_IDENTIFIER = "com.ta-boo.LoadTracker";
				PRODUCT_NAME = "$(TARGET_NAME)";
				SWIFT_VERSION = 5.0;
				TARGETED_DEVICE_FAMILY = "1,2";
			};
			name = Release;
		};
/* End XCBuildConfiguration section */

/* Begin XCConfigurationList section */
		B37BDEE52516408600AC780E /* Build configuration list for PBXProject "LoadTracker" */ = {
			isa = XCConfigurationList;
			buildConfigurations = (
				B37BDF122516408700AC780E /* Debug */,
				B37BDF132516408700AC780E /* Release */,
			);
			defaultConfigurationIsVisible = 0;
			defaultConfigurationName = Release;
		};
		B37BDF142516408700AC780E /* Build configuration list for PBXNativeTarget "LoadTracker" */ = {
			isa = XCConfigurationList;
			buildConfigurations = (
				B37BDF152516408700AC780E /* Debug */,
				B37BDF162516408700AC780E /* Release */,
			);
			defaultConfigurationIsVisible = 0;
			defaultConfigurationName = Release;
		};
/* End XCConfigurationList section */
	};
	rootObject = B37BDEE22516408600AC780E /* Project object */;
}
